
Microsoft Visual Studio Solution File, Format Version 12.00
# Visual Studio Version 17
VisualStudioVersion = 17.10.34928.147
MinimumVisualStudioVersion = 10.0.40219.1
Project("{FAE04EC0-301F-11D3-BF4B-00C04F79EFBC}") = "YTShare.Server", "YTShare.Server\YTShare.Server.csproj", "{C3DFC37F-B70F-45E5-9DF9-096ECA63EA7E}"
EndProject
Global
	GlobalSection(SolutionConfigurationPlatforms) = preSolution
		Debug|Any CPU = Debug|Any CPU
		Release|Any CPU = Release|Any CPU
	EndGlobalSection
	GlobalSection(ProjectConfigurationPlatforms) = postSolution
		{C3DFC37F-B70F-45E5-9DF9-096ECA63EA7E}.Debug|Any CPU.ActiveCfg = Debug|Any CPU
		{C3DFC37F-B70F-45E5-9DF9-096ECA63EA7E}.Debug|Any CPU.Build.0 = Debug|Any CPU
		{C3DFC37F-B70F-45E5-9DF9-096ECA63EA7E}.Release|Any CPU.ActiveCfg = Release|Any CPU
		{C3DFC37F-B70F-45E5-9DF9-096ECA63EA7E}.Release|Any CPU.Build.0 = Release|Any CPU
	EndGlobalSection
	GlobalSection(SolutionProperties) = preSolution
		HideSolutionNode = FALSE
	EndGlobalSection
	GlobalSection(ExtensibilityGlobals) = postSolution
		SolutionGuid = {80EFBFBB-DE36-438D-999D-4787275B8CA9}
	EndGlobalSection
EndGlobal
